// !$*UTF8*$!
{
	archiveVersion = 1;
	classes = {
	};
	objectVersion = 56;
	objects = {

/* Begin PBXBuildFile section */
		2F843CC72B4106E700FA5B23 /* ConceptApp.swift in Sources */ = {isa = PBXBuildFile; fileRef = 2F843CC62B4106E700FA5B23 /* ConceptApp.swift */; };
		2F843CC92B4106E700FA5B23 /* ContentView.swift in Sources */ = {isa = PBXBuildFile; fileRef = 2F843CC82B4106E700FA5B23 /* ContentView.swift */; };
		2F843CCB2B4106E800FA5B23 /* Assets.xcassets in Resources */ = {isa = PBXBuildFile; fileRef = 2F843CCA2B4106E800FA5B23 /* Assets.xcassets */; };
		2F843CCE2B4106E800FA5B23 /* Preview Assets.xcassets in Resources */ = {isa = PBXBuildFile; fileRef = 2F843CCD2B4106E800FA5B23 /* Preview Assets.xcassets */; };
		2F843CE62B41153300FA5B23 /* EvaluatorTests.swift in Sources */ = {isa = PBXBuildFile; fileRef = 2F843CE52B41153300FA5B23 /* EvaluatorTests.swift */; };
		2F843CE92B41252B00FA5B23 /* EvaluatorSpy.swift in Sources */ = {isa = PBXBuildFile; fileRef = 2F843CE82B41252B00FA5B23 /* EvaluatorSpy.swift */; };
		2F843CEC2B41256000FA5B23 /* Evaluator.swift in Sources */ = {isa = PBXBuildFile; fileRef = 2F843CEB2B41256000FA5B23 /* Evaluator.swift */; };
		2F843CEE2B41257F00FA5B23 /* Concept.swift in Sources */ = {isa = PBXBuildFile; fileRef = 2F843CED2B41257F00FA5B23 /* Concept.swift */; };
		2F843CF12B41FBFB00FA5B23 /* SimpleEvaluator.swift in Sources */ = {isa = PBXBuildFile; fileRef = 2F843CF02B41FBFB00FA5B23 /* SimpleEvaluator.swift */; };
		2F843CF32B42000B00FA5B23 /* EngineFlowTests.swift in Sources */ = {isa = PBXBuildFile; fileRef = 2F843CF22B42000B00FA5B23 /* EngineFlowTests.swift */; };
		2F843CF52B42006B00FA5B23 /* EngineFlow.swift in Sources */ = {isa = PBXBuildFile; fileRef = 2F843CF42B42006B00FA5B23 /* EngineFlow.swift */; };
		2F843CF72B4213DD00FA5B23 /* NavigationStore.swift in Sources */ = {isa = PBXBuildFile; fileRef = 2F843CF62B4213DD00FA5B23 /* NavigationStore.swift */; };
		2F843CF92B421E1800FA5B23 /* QuestionHeaderView.swift in Sources */ = {isa = PBXBuildFile; fileRef = 2F843CF82B421E1800FA5B23 /* QuestionHeaderView.swift */; };
		2F843CFC2B4381C500FA5B23 /* ReviewNavigation.swift in Sources */ = {isa = PBXBuildFile; fileRef = 2F843CFB2B4381C500FA5B23 /* ReviewNavigation.swift */; };
		2F843CFF2B43830700FA5B23 /* ReviewHome.swift in Sources */ = {isa = PBXBuildFile; fileRef = 2F843CFE2B43830700FA5B23 /* ReviewHome.swift */; };
		2F843D012B4383D700FA5B23 /* ReviewNavigationStore.swift in Sources */ = {isa = PBXBuildFile; fileRef = 2F843D002B4383D700FA5B23 /* ReviewNavigationStore.swift */; };
		2F843D042B4391F300FA5B23 /* ReviewQuestion.swift in Sources */ = {isa = PBXBuildFile; fileRef = 2F843D032B4391F300FA5B23 /* ReviewQuestion.swift */; };
		2F843D062B43921400FA5B23 /* ReviewResult.swift in Sources */ = {isa = PBXBuildFile; fileRef = 2F843D052B43921400FA5B23 /* ReviewResult.swift */; };
/* End PBXBuildFile section */

/* Begin PBXContainerItemProxy section */
		2F843CE02B410D6900FA5B23 /* PBXContainerItemProxy */ = {
			isa = PBXContainerItemProxy;
			containerPortal = 2F843CBB2B4106E700FA5B23 /* Project object */;
			proxyType = 1;
			remoteGlobalIDString = 2F843CC22B4106E700FA5B23;
			remoteInfo = Concept;
		};
/* End PBXContainerItemProxy section */

/* Begin PBXFileReference section */
		2F843CC32B4106E700FA5B23 /* Concept.app */ = {isa = PBXFileReference; explicitFileType = wrapper.application; includeInIndex = 0; path = Concept.app; sourceTree = BUILT_PRODUCTS_DIR; };
		2F843CC62B4106E700FA5B23 /* ConceptApp.swift */ = {isa = PBXFileReference; lastKnownFileType = sourcecode.swift; path = ConceptApp.swift; sourceTree = "<group>"; };
		2F843CC82B4106E700FA5B23 /* ContentView.swift */ = {isa = PBXFileReference; lastKnownFileType = sourcecode.swift; path = ContentView.swift; sourceTree = "<group>"; };
		2F843CCA2B4106E800FA5B23 /* Assets.xcassets */ = {isa = PBXFileReference; lastKnownFileType = folder.assetcatalog; path = Assets.xcassets; sourceTree = "<group>"; };
		2F843CCD2B4106E800FA5B23 /* Preview Assets.xcassets */ = {isa = PBXFileReference; lastKnownFileType = folder.assetcatalog; path = "Preview Assets.xcassets"; sourceTree = "<group>"; };
		2F843CDC2B410D6900FA5B23 /* ConceptTests.xctest */ = {isa = PBXFileReference; explicitFileType = wrapper.cfbundle; includeInIndex = 0; path = ConceptTests.xctest; sourceTree = BUILT_PRODUCTS_DIR; };
		2F843CE52B41153300FA5B23 /* EvaluatorTests.swift */ = {isa = PBXFileReference; lastKnownFileType = sourcecode.swift; path = EvaluatorTests.swift; sourceTree = "<group>"; };
		2F843CE82B41252B00FA5B23 /* EvaluatorSpy.swift */ = {isa = PBXFileReference; lastKnownFileType = sourcecode.swift; path = EvaluatorSpy.swift; sourceTree = "<group>"; };
		2F843CEB2B41256000FA5B23 /* Evaluator.swift */ = {isa = PBXFileReference; lastKnownFileType = sourcecode.swift; path = Evaluator.swift; sourceTree = "<group>"; };
		2F843CED2B41257F00FA5B23 /* Concept.swift */ = {isa = PBXFileReference; lastKnownFileType = sourcecode.swift; path = Concept.swift; sourceTree = "<group>"; };
		2F843CF02B41FBFB00FA5B23 /* SimpleEvaluator.swift */ = {isa = PBXFileReference; lastKnownFileType = sourcecode.swift; path = SimpleEvaluator.swift; sourceTree = "<group>"; };
		2F843CF22B42000B00FA5B23 /* EngineFlowTests.swift */ = {isa = PBXFileReference; lastKnownFileType = sourcecode.swift; path = EngineFlowTests.swift; sourceTree = "<group>"; };
		2F843CF42B42006B00FA5B23 /* EngineFlow.swift */ = {isa = PBXFileReference; lastKnownFileType = sourcecode.swift; path = EngineFlow.swift; sourceTree = "<group>"; };
		2F843CF62B4213DD00FA5B23 /* NavigationStore.swift */ = {isa = PBXFileReference; lastKnownFileType = sourcecode.swift; path = NavigationStore.swift; sourceTree = "<group>"; };
		2F843CF82B421E1800FA5B23 /* QuestionHeaderView.swift */ = {isa = PBXFileReference; lastKnownFileType = sourcecode.swift; path = QuestionHeaderView.swift; sourceTree = "<group>"; };
		2F843CFB2B4381C500FA5B23 /* ReviewNavigation.swift */ = {isa = PBXFileReference; lastKnownFileType = sourcecode.swift; path = ReviewNavigation.swift; sourceTree = "<group>"; };
		2F843CFE2B43830700FA5B23 /* ReviewHome.swift */ = {isa = PBXFileReference; lastKnownFileType = sourcecode.swift; path = ReviewHome.swift; sourceTree = "<group>"; };
		2F843D002B4383D700FA5B23 /* ReviewNavigationStore.swift */ = {isa = PBXFileReference; lastKnownFileType = sourcecode.swift; path = ReviewNavigationStore.swift; sourceTree = "<group>"; };
		2F843D032B4391F300FA5B23 /* ReviewQuestion.swift */ = {isa = PBXFileReference; lastKnownFileType = sourcecode.swift; path = ReviewQuestion.swift; sourceTree = "<group>"; };
		2F843D052B43921400FA5B23 /* ReviewResult.swift */ = {isa = PBXFileReference; lastKnownFileType = sourcecode.swift; path = ReviewResult.swift; sourceTree = "<group>"; };
/* End PBXFileReference section */

/* Begin PBXFrameworksBuildPhase section */
		2F843CC02B4106E700FA5B23 /* Frameworks */ = {
			isa = PBXFrameworksBuildPhase;
			buildActionMask = 2147483647;
			files = (
			);
			runOnlyForDeploymentPostprocessing = 0;
		};
		2F843CD92B410D6900FA5B23 /* Frameworks */ = {
			isa = PBXFrameworksBuildPhase;
			buildActionMask = 2147483647;
			files = (
			);
			runOnlyForDeploymentPostprocessing = 0;
		};
/* End PBXFrameworksBuildPhase section */

/* Begin PBXGroup section */
		2F843CBA2B4106E700FA5B23 = {
			isa = PBXGroup;
			children = (
				2F843CC52B4106E700FA5B23 /* Concept */,
				2F843CDD2B410D6900FA5B23 /* ConceptTests */,
				2F843CC42B4106E700FA5B23 /* Products */,
			);
			sourceTree = "<group>";
		};
		2F843CC42B4106E700FA5B23 /* Products */ = {
			isa = PBXGroup;
			children = (
				2F843CC32B4106E700FA5B23 /* Concept.app */,
				2F843CDC2B410D6900FA5B23 /* ConceptTests.xctest */,
			);
			name = Products;
			sourceTree = "<group>";
		};
		2F843CC52B4106E700FA5B23 /* Concept */ = {
			isa = PBXGroup;
			children = (
				2F843CFA2B43819B00FA5B23 /* Navigation */,
				2F843CD52B410C9300FA5B23 /* App */,
				2F843CEF2B4126EA00FA5B23 /* Models */,
				2F843CEA2B41255100FA5B23 /* Evaluator */,
				2F843CC82B4106E700FA5B23 /* ContentView.swift */,
				2F843CCA2B4106E800FA5B23 /* Assets.xcassets */,
				2F843CCC2B4106E800FA5B23 /* Preview Content */,
				2F843CF42B42006B00FA5B23 /* EngineFlow.swift */,
				2F843CF62B4213DD00FA5B23 /* NavigationStore.swift */,
				2F843CF82B421E1800FA5B23 /* QuestionHeaderView.swift */,
			);
			path = Concept;
			sourceTree = "<group>";
		};
		2F843CCC2B4106E800FA5B23 /* Preview Content */ = {
			isa = PBXGroup;
			children = (
				2F843CCD2B4106E800FA5B23 /* Preview Assets.xcassets */,
			);
			path = "Preview Content";
			sourceTree = "<group>";
		};
		2F843CD52B410C9300FA5B23 /* App */ = {
			isa = PBXGroup;
			children = (
				2F843CC62B4106E700FA5B23 /* ConceptApp.swift */,
			);
			path = App;
			sourceTree = "<group>";
		};
		2F843CDD2B410D6900FA5B23 /* ConceptTests */ = {
			isa = PBXGroup;
			children = (
				2F843CE72B411A2500FA5B23 /* Helpers */,
				2F843CE52B41153300FA5B23 /* EvaluatorTests.swift */,
				2F843CF22B42000B00FA5B23 /* EngineFlowTests.swift */,
			);
			path = ConceptTests;
			sourceTree = "<group>";
		};
		2F843CE72B411A2500FA5B23 /* Helpers */ = {
			isa = PBXGroup;
			children = (
				2F843CE82B41252B00FA5B23 /* EvaluatorSpy.swift */,
			);
			path = Helpers;
			sourceTree = "<group>";
		};
		2F843CEA2B41255100FA5B23 /* Evaluator */ = {
			isa = PBXGroup;
			children = (
				2F843CEB2B41256000FA5B23 /* Evaluator.swift */,
				2F843CF02B41FBFB00FA5B23 /* SimpleEvaluator.swift */,
			);
			path = Evaluator;
			sourceTree = "<group>";
		};
		2F843CEF2B4126EA00FA5B23 /* Models */ = {
			isa = PBXGroup;
			children = (
				2F843CED2B41257F00FA5B23 /* Concept.swift */,
			);
			path = Models;
			sourceTree = "<group>";
		};
		2F843CFA2B43819B00FA5B23 /* Navigation */ = {
			isa = PBXGroup;
			children = (
				2F843CFD2B43824100FA5B23 /* Review */,
			);
			path = Navigation;
			sourceTree = "<group>";
		};
		2F843CFD2B43824100FA5B23 /* Review */ = {
			isa = PBXGroup;
			children = (
				2F843D022B4391AB00FA5B23 /* Views */,
				2F843CFB2B4381C500FA5B23 /* ReviewNavigation.swift */,
				2F843D002B4383D700FA5B23 /* ReviewNavigationStore.swift */,
			);
			path = Review;
			sourceTree = "<group>";
		};
		2F843D022B4391AB00FA5B23 /* Views */ = {
			isa = PBXGroup;
			children = (
				2F843CFE2B43830700FA5B23 /* ReviewHome.swift */,
				2F843D052B43921400FA5B23 /* ReviewResult.swift */,
				2F843D032B4391F300FA5B23 /* ReviewQuestion.swift */,
			);
			path = Views;
			sourceTree = "<group>";
		};
/* End PBXGroup section */

/* Begin PBXNativeTarget section */
		2F843CC22B4106E700FA5B23 /* Concept */ = {
			isa = PBXNativeTarget;
			buildConfigurationList = 2F843CD12B4106E800FA5B23 /* Build configuration list for PBXNativeTarget "Concept" */;
			buildPhases = (
				2F843CBF2B4106E700FA5B23 /* Sources */,
				2F843CC02B4106E700FA5B23 /* Frameworks */,
				2F843CC12B4106E700FA5B23 /* Resources */,
			);
			buildRules = (
			);
			dependencies = (
			);
			name = Concept;
			productName = Concept;
			productReference = 2F843CC32B4106E700FA5B23 /* Concept.app */;
			productType = "com.apple.product-type.application";
		};
		2F843CDB2B410D6900FA5B23 /* ConceptTests */ = {
			isa = PBXNativeTarget;
			buildConfigurationList = 2F843CE22B410D6900FA5B23 /* Build configuration list for PBXNativeTarget "ConceptTests" */;
			buildPhases = (
				2F843CD82B410D6900FA5B23 /* Sources */,
				2F843CD92B410D6900FA5B23 /* Frameworks */,
				2F843CDA2B410D6900FA5B23 /* Resources */,
			);
			buildRules = (
			);
			dependencies = (
				2F843CE12B410D6900FA5B23 /* PBXTargetDependency */,
			);
			name = ConceptTests;
			productName = ConceptTests;
			productReference = 2F843CDC2B410D6900FA5B23 /* ConceptTests.xctest */;
			productType = "com.apple.product-type.bundle.unit-test";
		};
/* End PBXNativeTarget section */

/* Begin PBXProject section */
		2F843CBB2B4106E700FA5B23 /* Project object */ = {
			isa = PBXProject;
			attributes = {
				BuildIndependentTargetsInParallel = 1;
				LastSwiftUpdateCheck = 1500;
				LastUpgradeCheck = 1500;
				TargetAttributes = {
					2F843CC22B4106E700FA5B23 = {
						CreatedOnToolsVersion = 15.0.1;
					};
					2F843CDB2B410D6900FA5B23 = {
						CreatedOnToolsVersion = 15.0.1;
						TestTargetID = 2F843CC22B4106E700FA5B23;
					};
				};
			};
			buildConfigurationList = 2F843CBE2B4106E700FA5B23 /* Build configuration list for PBXProject "Concept" */;
			compatibilityVersion = "Xcode 14.0";
			developmentRegion = en;
			hasScannedForEncodings = 0;
			knownRegions = (
				en,
				Base,
			);
			mainGroup = 2F843CBA2B4106E700FA5B23;
			productRefGroup = 2F843CC42B4106E700FA5B23 /* Products */;
			projectDirPath = "";
			projectRoot = "";
			targets = (
				2F843CC22B4106E700FA5B23 /* Concept */,
				2F843CDB2B410D6900FA5B23 /* ConceptTests */,
			);
		};
/* End PBXProject section */

/* Begin PBXResourcesBuildPhase section */
		2F843CC12B4106E700FA5B23 /* Resources */ = {
			isa = PBXResourcesBuildPhase;
			buildActionMask = 2147483647;
			files = (
				2F843CCE2B4106E800FA5B23 /* Preview Assets.xcassets in Resources */,
				2F843CCB2B4106E800FA5B23 /* Assets.xcassets in Resources */,
			);
			runOnlyForDeploymentPostprocessing = 0;
		};
		2F843CDA2B410D6900FA5B23 /* Resources */ = {
			isa = PBXResourcesBuildPhase;
			buildActionMask = 2147483647;
			files = (
			);
			runOnlyForDeploymentPostprocessing = 0;
		};
/* End PBXResourcesBuildPhase section */

/* Begin PBXSourcesBuildPhase section */
		2F843CBF2B4106E700FA5B23 /* Sources */ = {
			isa = PBXSourcesBuildPhase;
			buildActionMask = 2147483647;
			files = (
				2F843CFF2B43830700FA5B23 /* ReviewHome.swift in Sources */,
				2F843D042B4391F300FA5B23 /* ReviewQuestion.swift in Sources */,
				2F843D062B43921400FA5B23 /* ReviewResult.swift in Sources */,
				2F843CF12B41FBFB00FA5B23 /* SimpleEvaluator.swift in Sources */,
				2F843CF52B42006B00FA5B23 /* EngineFlow.swift in Sources */,
				2F843CEE2B41257F00FA5B23 /* Concept.swift in Sources */,
				2F843CC92B4106E700FA5B23 /* ContentView.swift in Sources */,
				2F843D012B4383D700FA5B23 /* ReviewNavigationStore.swift in Sources */,
				2F843CC72B4106E700FA5B23 /* ConceptApp.swift in Sources */,
				2F843CEC2B41256000FA5B23 /* Evaluator.swift in Sources */,
				2F843CF72B4213DD00FA5B23 /* NavigationStore.swift in Sources */,
				2F843CF92B421E1800FA5B23 /* QuestionHeaderView.swift in Sources */,
				2F843CFC2B4381C500FA5B23 /* ReviewNavigation.swift in Sources */,
			);
			runOnlyForDeploymentPostprocessing = 0;
		};
		2F843CD82B410D6900FA5B23 /* Sources */ = {
			isa = PBXSourcesBuildPhase;
			buildActionMask = 2147483647;
			files = (
				2F843CE92B41252B00FA5B23 /* EvaluatorSpy.swift in Sources */,
				2F843CF32B42000B00FA5B23 /* EngineFlowTests.swift in Sources */,
				2F843CE62B41153300FA5B23 /* EvaluatorTests.swift in Sources */,
			);
			runOnlyForDeploymentPostprocessing = 0;
		};
/* End PBXSourcesBuildPhase section */

/* Begin PBXTargetDependency section */
		2F843CE12B410D6900FA5B23 /* PBXTargetDependency */ = {
			isa = PBXTargetDependency;
			target = 2F843CC22B4106E700FA5B23 /* Concept */;
			targetProxy = 2F843CE02B410D6900FA5B23 /* PBXContainerItemProxy */;
		};
/* End PBXTargetDependency section */

/* Begin XCBuildConfiguration section */
		2F843CCF2B4106E800FA5B23 /* Debug */ = {
			isa = XCBuildConfiguration;
			buildSettings = {
				ALWAYS_SEARCH_USER_PATHS = NO;
				ASSETCATALOG_COMPILER_GENERATE_SWIFT_ASSET_SYMBOL_EXTENSIONS = YES;
				CLANG_ANALYZER_NONNULL = YES;
				CLANG_ANALYZER_NUMBER_OBJECT_CONVERSION = YES_AGGRESSIVE;
				CLANG_CXX_LANGUAGE_STANDARD = "gnu++20";
				CLANG_ENABLE_MODULES = YES;
				CLANG_ENABLE_OBJC_ARC = YES;
				CLANG_ENABLE_OBJC_WEAK = YES;
				CLANG_WARN_BLOCK_CAPTURE_AUTORELEASING = YES;
				CLANG_WARN_BOOL_CONVERSION = YES;
				CLANG_WARN_COMMA = YES;
				CLANG_WARN_CONSTANT_CONVERSION = YES;
				CLANG_WARN_DEPRECATED_OBJC_IMPLEMENTATIONS = YES;
				CLANG_WARN_DIRECT_OBJC_ISA_USAGE = YES_ERROR;
				CLANG_WARN_DOCUMENTATION_COMMENTS = YES;
				CLANG_WARN_EMPTY_BODY = YES;
				CLANG_WARN_ENUM_CONVERSION = YES;
				CLANG_WARN_INFINITE_RECURSION = YES;
				CLANG_WARN_INT_CONVERSION = YES;
				CLANG_WARN_NON_LITERAL_NULL_CONVERSION = YES;
				CLANG_WARN_OBJC_IMPLICIT_RETAIN_SELF = YES;
				CLANG_WARN_OBJC_LITERAL_CONVERSION = YES;
				CLANG_WARN_OBJC_ROOT_CLASS = YES_ERROR;
				CLANG_WARN_QUOTED_INCLUDE_IN_FRAMEWORK_HEADER = YES;
				CLANG_WARN_RANGE_LOOP_ANALYSIS = YES;
				CLANG_WARN_STRICT_PROTOTYPES = YES;
				CLANG_WARN_SUSPICIOUS_MOVE = YES;
				CLANG_WARN_UNGUARDED_AVAILABILITY = YES_AGGRESSIVE;
				CLANG_WARN_UNREACHABLE_CODE = YES;
				CLANG_WARN__DUPLICATE_METHOD_MATCH = YES;
				COPY_PHASE_STRIP = NO;
				DEBUG_INFORMATION_FORMAT = dwarf;
				ENABLE_STRICT_OBJC_MSGSEND = YES;
				ENABLE_TESTABILITY = YES;
				ENABLE_USER_SCRIPT_SANDBOXING = YES;
				GCC_C_LANGUAGE_STANDARD = gnu17;
				GCC_DYNAMIC_NO_PIC = NO;
				GCC_NO_COMMON_BLOCKS = YES;
				GCC_OPTIMIZATION_LEVEL = 0;
				GCC_PREPROCESSOR_DEFINITIONS = (
					"DEBUG=1",
					"$(inherited)",
				);
				GCC_WARN_64_TO_32_BIT_CONVERSION = YES;
				GCC_WARN_ABOUT_RETURN_TYPE = YES_ERROR;
				GCC_WARN_UNDECLARED_SELECTOR = YES;
				GCC_WARN_UNINITIALIZED_AUTOS = YES_AGGRESSIVE;
				GCC_WARN_UNUSED_FUNCTION = YES;
				GCC_WARN_UNUSED_VARIABLE = YES;
				IPHONEOS_DEPLOYMENT_TARGET = 16.0;
				LOCALIZATION_PREFERS_STRING_CATALOGS = YES;
				MTL_ENABLE_DEBUG_INFO = INCLUDE_SOURCE;
				MTL_FAST_MATH = YES;
				ONLY_ACTIVE_ARCH = YES;
				SDKROOT = iphoneos;
				SWIFT_ACTIVE_COMPILATION_CONDITIONS = "DEBUG $(inherited)";
				SWIFT_OPTIMIZATION_LEVEL = "-Onone";
			};
			name = Debug;
		};
		2F843CD02B4106E800FA5B23 /* Release */ = {
			isa = XCBuildConfiguration;
			buildSettings = {
				ALWAYS_SEARCH_USER_PATHS = NO;
				ASSETCATALOG_COMPILER_GENERATE_SWIFT_ASSET_SYMBOL_EXTENSIONS = YES;
				CLANG_ANALYZER_NONNULL = YES;
				CLANG_ANALYZER_NUMBER_OBJECT_CONVERSION = YES_AGGRESSIVE;
				CLANG_CXX_LANGUAGE_STANDARD = "gnu++20";
				CLANG_ENABLE_MODULES = YES;
				CLANG_ENABLE_OBJC_ARC = YES;
				CLANG_ENABLE_OBJC_WEAK = YES;
				CLANG_WARN_BLOCK_CAPTURE_AUTORELEASING = YES;
				CLANG_WARN_BOOL_CONVERSION = YES;
				CLANG_WARN_COMMA = YES;
				CLANG_WARN_CONSTANT_CONVERSION = YES;
				CLANG_WARN_DEPRECATED_OBJC_IMPLEMENTATIONS = YES;
				CLANG_WARN_DIRECT_OBJC_ISA_USAGE = YES_ERROR;
				CLANG_WARN_DOCUMENTATION_COMMENTS = YES;
				CLANG_WARN_EMPTY_BODY = YES;
				CLANG_WARN_ENUM_CONVERSION = YES;
				CLANG_WARN_INFINITE_RECURSION = YES;
				CLANG_WARN_INT_CONVERSION = YES;
				CLANG_WARN_NON_LITERAL_NULL_CONVERSION = YES;
				CLANG_WARN_OBJC_IMPLICIT_RETAIN_SELF = YES;
				CLANG_WARN_OBJC_LITERAL_CONVERSION = YES;
				CLANG_WARN_OBJC_ROOT_CLASS = YES_ERROR;
				CLANG_WARN_QUOTED_INCLUDE_IN_FRAMEWORK_HEADER = YES;
				CLANG_WARN_RANGE_LOOP_ANALYSIS = YES;
				CLANG_WARN_STRICT_PROTOTYPES = YES;
				CLANG_WARN_SUSPICIOUS_MOVE = YES;
				CLANG_WARN_UNGUARDED_AVAILABILITY = YES_AGGRESSIVE;
				CLANG_WARN_UNREACHABLE_CODE = YES;
				CLANG_WARN__DUPLICATE_METHOD_MATCH = YES;
				COPY_PHASE_STRIP = NO;
				DEBUG_INFORMATION_FORMAT = "dwarf-with-dsym";
				ENABLE_NS_ASSERTIONS = NO;
				ENABLE_STRICT_OBJC_MSGSEND = YES;
				ENABLE_USER_SCRIPT_SANDBOXING = YES;
				GCC_C_LANGUAGE_STANDARD = gnu17;
				GCC_NO_COMMON_BLOCKS = YES;
				GCC_WARN_64_TO_32_BIT_CONVERSION = YES;
				GCC_WARN_ABOUT_RETURN_TYPE = YES_ERROR;
				GCC_WARN_UNDECLARED_SELECTOR = YES;
				GCC_WARN_UNINITIALIZED_AUTOS = YES_AGGRESSIVE;
				GCC_WARN_UNUSED_FUNCTION = YES;
				GCC_WARN_UNUSED_VARIABLE = YES;
				IPHONEOS_DEPLOYMENT_TARGET = 16.0;
				LOCALIZATION_PREFERS_STRING_CATALOGS = YES;
				MTL_ENABLE_DEBUG_INFO = NO;
				MTL_FAST_MATH = YES;
				SDKROOT = iphoneos;
				SWIFT_COMPILATION_MODE = wholemodule;
				VALIDATE_PRODUCT = YES;
			};
			name = Release;
		};
		2F843CD22B4106E800FA5B23 /* Debug */ = {
			isa = XCBuildConfiguration;
			buildSettings = {
				ASSETCATALOG_COMPILER_APPICON_NAME = AppIcon;
				ASSETCATALOG_COMPILER_GLOBAL_ACCENT_COLOR_NAME = AccentColor;
				CODE_SIGN_STYLE = Automatic;
				CURRENT_PROJECT_VERSION = 1;
				DEVELOPMENT_ASSET_PATHS = "\"Concept/Preview Content\"";
				DEVELOPMENT_TEAM = G7956HFVVK;
				ENABLE_PREVIEWS = YES;
				GENERATE_INFOPLIST_FILE = YES;
				INFOPLIST_KEY_UIApplicationSceneManifest_Generation = YES;
				INFOPLIST_KEY_UIApplicationSupportsIndirectInputEvents = YES;
				INFOPLIST_KEY_UILaunchScreen_Generation = YES;
				INFOPLIST_KEY_UISupportedInterfaceOrientations_iPad = "UIInterfaceOrientationPortrait UIInterfaceOrientationPortraitUpsideDown UIInterfaceOrientationLandscapeLeft UIInterfaceOrientationLandscapeRight";
				INFOPLIST_KEY_UISupportedInterfaceOrientations_iPhone = "UIInterfaceOrientationPortrait UIInterfaceOrientationLandscapeLeft UIInterfaceOrientationLandscapeRight";
				LD_RUNPATH_SEARCH_PATHS = (
					"$(inherited)",
					"@executable_path/Frameworks",
				);
				MARKETING_VERSION = 1.0;
				PRODUCT_BUNDLE_IDENTIFIER = com.tylertorres.Concept;
				PRODUCT_NAME = "$(TARGET_NAME)";
				SWIFT_EMIT_LOC_STRINGS = YES;
				SWIFT_VERSION = 5.0;
				TARGETED_DEVICE_FAMILY = "1,2";
			};
			name = Debug;
		};
		2F843CD32B4106E800FA5B23 /* Release */ = {
			isa = XCBuildConfiguration;
			buildSettings = {
				ASSETCATALOG_COMPILER_APPICON_NAME = AppIcon;
				ASSETCATALOG_COMPILER_GLOBAL_ACCENT_COLOR_NAME = AccentColor;
				CODE_SIGN_STYLE = Automatic;
				CURRENT_PROJECT_VERSION = 1;
				DEVELOPMENT_ASSET_PATHS = "\"Concept/Preview Content\"";
				DEVELOPMENT_TEAM = G7956HFVVK;
				ENABLE_PREVIEWS = YES;
				GENERATE_INFOPLIST_FILE = YES;
				INFOPLIST_KEY_UIApplicationSceneManifest_Generation = YES;
				INFOPLIST_KEY_UIApplicationSupportsIndirectInputEvents = YES;
				INFOPLIST_KEY_UILaunchScreen_Generation = YES;
				INFOPLIST_KEY_UISupportedInterfaceOrientations_iPad = "UIInterfaceOrientationPortrait UIInterfaceOrientationPortraitUpsideDown UIInterfaceOrientationLandscapeLeft UIInterfaceOrientationLandscapeRight";
				INFOPLIST_KEY_UISupportedInterfaceOrientations_iPhone = "UIInterfaceOrientationPortrait UIInterfaceOrientationLandscapeLeft UIInterfaceOrientationLandscapeRight";
				LD_RUNPATH_SEARCH_PATHS = (
					"$(inherited)",
					"@executable_path/Frameworks",
				);
				MARKETING_VERSION = 1.0;
				PRODUCT_BUNDLE_IDENTIFIER = com.tylertorres.Concept;
				PRODUCT_NAME = "$(TARGET_NAME)";
				SWIFT_EMIT_LOC_STRINGS = YES;
				SWIFT_VERSION = 5.0;
				TARGETED_DEVICE_FAMILY = "1,2";
			};
			name = Release;
		};
		2F843CE32B410D6900FA5B23 /* Debug */ = {
			isa = XCBuildConfiguration;
			buildSettings = {
				BUNDLE_LOADER = "$(TEST_HOST)";
				CODE_SIGN_STYLE = Automatic;
				CURRENT_PROJECT_VERSION = 1;
				DEVELOPMENT_TEAM = G7956HFVVK;
				GENERATE_INFOPLIST_FILE = YES;
				IPHONEOS_DEPLOYMENT_TARGET = 16.0;
				MARKETING_VERSION = 1.0;
				PRODUCT_BUNDLE_IDENTIFIER = com.tylertorres.ConceptTests;
				PRODUCT_NAME = "$(TARGET_NAME)";
				SWIFT_EMIT_LOC_STRINGS = NO;
				SWIFT_VERSION = 5.0;
				TARGETED_DEVICE_FAMILY = "1,2";
				TEST_HOST = "$(BUILT_PRODUCTS_DIR)/Concept.app/$(BUNDLE_EXECUTABLE_FOLDER_PATH)/Concept";
			};
			name = Debug;
		};
		2F843CE42B410D6900FA5B23 /* Release */ = {
			isa = XCBuildConfiguration;
			buildSettings = {
				BUNDLE_LOADER = "$(TEST_HOST)";
				CODE_SIGN_STYLE = Automatic;
				CURRENT_PROJECT_VERSION = 1;
				DEVELOPMENT_TEAM = G7956HFVVK;
				GENERATE_INFOPLIST_FILE = YES;
				IPHONEOS_DEPLOYMENT_TARGET = 16.0;
				MARKETING_VERSION = 1.0;
				PRODUCT_BUNDLE_IDENTIFIER = com.tylertorres.ConceptTests;
				PRODUCT_NAME = "$(TARGET_NAME)";
				SWIFT_EMIT_LOC_STRINGS = NO;
				SWIFT_VERSION = 5.0;
				TARGETED_DEVICE_FAMILY = "1,2";
				TEST_HOST = "$(BUILT_PRODUCTS_DIR)/Concept.app/$(BUNDLE_EXECUTABLE_FOLDER_PATH)/Concept";
			};
			name = Release;
		};
/* End XCBuildConfiguration section */

/* Begin XCConfigurationList section */
		2F843CBE2B4106E700FA5B23 /* Build configuration list for PBXProject "Concept" */ = {
			isa = XCConfigurationList;
			buildConfigurations = (
				2F843CCF2B4106E800FA5B23 /* Debug */,
				2F843CD02B4106E800FA5B23 /* Release */,
			);
			defaultConfigurationIsVisible = 0;
			defaultConfigurationName = Release;
		};
		2F843CD12B4106E800FA5B23 /* Build configuration list for PBXNativeTarget "Concept" */ = {
			isa = XCConfigurationList;
			buildConfigurations = (
				2F843CD22B4106E800FA5B23 /* Debug */,
				2F843CD32B4106E800FA5B23 /* Release */,
			);
			defaultConfigurationIsVisible = 0;
			defaultConfigurationName = Release;
		};
		2F843CE22B410D6900FA5B23 /* Build configuration list for PBXNativeTarget "ConceptTests" */ = {
			isa = XCConfigurationList;
			buildConfigurations = (
				2F843CE32B410D6900FA5B23 /* Debug */,
				2F843CE42B410D6900FA5B23 /* Release */,
			);
			defaultConfigurationIsVisible = 0;
			defaultConfigurationName = Release;
		};
/* End XCConfigurationList section */
	};
	rootObject = 2F843CBB2B4106E700FA5B23 /* Project object */;
}
